
Microsoft Visual Studio Solution File, Format Version 12.00
# Visual Studio Version 17
VisualStudioVersion = 17.11.35222.181
MinimumVisualStudioVersion = 10.0.40219.1
Project("{F14B399A-7131-4C87-9E4B-1186C45EF12D}") = "Report Project1", "Report Project1.rptproj", "{05F7B04F-90CB-4D39-98C2-BAA70CFF98CC}"
EndProject
Global
	GlobalSection(SolutionConfigurationPlatforms) = preSolution
		Debug|Default = Debug|Default
		DebugLocal|Default = DebugLocal|Default
		Release|Default = Release|Default
	EndGlobalSection
	GlobalSection(ProjectConfigurationPlatforms) = postSolution
		{05F7B04F-90CB-4D39-98C2-BAA70CFF98CC}.Debug|Default.ActiveCfg = Debug
		{05F7B04F-90CB-4D39-98C2-BAA70CFF98CC}.Debug|Default.Build.0 = Debug
		{05F7B04F-90CB-4D39-98C2-BAA70CFF98CC}.Debug|Default.Deploy.0 = Debug
		{05F7B04F-90CB-4D39-98C2-BAA70CFF98CC}.DebugLocal|Default.ActiveCfg = DebugLocal
		{05F7B04F-90CB-4D39-98C2-BAA70CFF98CC}.DebugLocal|Default.Build.0 = DebugLocal
		{05F7B04F-90CB-4D39-98C2-BAA70CFF98CC}.Release|Default.ActiveCfg = Release
		{05F7B04F-90CB-4D39-98C2-BAA70CFF98CC}.Release|Default.Build.0 = Release
		{05F7B04F-90CB-4D39-98C2-BAA70CFF98CC}.Release|Default.Deploy.0 = Release
	EndGlobalSection
	GlobalSection(SolutionProperties) = preSolution
		HideSolutionNode = FALSE
	EndGlobalSection
	GlobalSection(ExtensibilityGlobals) = postSolution
		SolutionGuid = {5D793A6F-1D9E-4DA6-85CE-6635F4BD1804}
	EndGlobalSection
EndGlobal
